
Microsoft Visual Studio Solution File, Format Version 12.00
# Visual Studio Version 17
VisualStudioVersion = 17.6.33815.320
MinimumVisualStudioVersion = 10.0.40219.1
Project("{FAE04EC0-301F-11D3-BF4B-00C04F79EFBC}") = "UdemyProje", "UdemyProje.csproj", "{BB2C7EC3-CB8E-48F2-BC8C-17C3A191958C}"
EndProject
Global
	GlobalSection(SolutionConfigurationPlatforms) = preSolution
		Debug|Any CPU = Debug|Any CPU
		Release|Any CPU = Release|Any CPU
	EndGlobalSection
	GlobalSection(ProjectConfigurationPlatforms) = postSolution
		{BB2C7EC3-CB8E-48F2-BC8C-17C3A191958C}.Debug|Any CPU.ActiveCfg = Debug|Any CPU
		{BB2C7EC3-CB8E-48F2-BC8C-17C3A191958C}.Debug|Any CPU.Build.0 = Debug|Any CPU
		{BB2C7EC3-CB8E-48F2-BC8C-17C3A191958C}.Release|Any CPU.ActiveCfg = Release|Any CPU
		{BB2C7EC3-CB8E-48F2-BC8C-17C3A191958C}.Release|Any CPU.Build.0 = Release|Any CPU
	EndGlobalSection
	GlobalSection(SolutionProperties) = preSolution
		HideSolutionNode = FALSE
	EndGlobalSection
	GlobalSection(ExtensibilityGlobals) = postSolution
		SolutionGuid = {639D17BC-0B43-41EE-A70A-E69B806A60B3}
	EndGlobalSection
EndGlobal
